{
  "name": "geojson_db",
  "version": "0.3.2",
  "lockfileVersion": 3,
  "requires": true,
  "packages": {
    "": {
      "name": "geojson_db",
      "version": "0.3.2",
      "hasInstallScript": true,
      "license": "MIT",
      "dependencies": {
        "cargo-cp-artifact": "^0.1"
      },
      "engines": {
        "node": ">=14.0.0",
        "npm": ">=7.0.0"
      }
    },
    "node_modules/cargo-cp-artifact": {
      "version": "0.1.8",
      "license": "MIT",
      "bin": {
        "cargo-cp-artifact": "bin/cargo-cp-artifact.js"
      }
    }
  }
}
